
Microsoft Visual Studio Solution File, Format Version 12.00
# Visual Studio Version 16
VisualStudioVersion = 16.0.30204.135
MinimumVisualStudioVersion = 10.0.40219.1
Project("{FAE04EC0-301F-11D3-BF4B-00C04F79EFBC}") = "Question 4", "Question 4.csproj", "{096D258F-F0BA-48D3-9219-E12628825827}"
EndProject
Global
	GlobalSection(SolutionConfigurationPlatforms) = preSolution
		Debug|Any CPU = Debug|Any CPU
		Release|Any CPU = Release|Any CPU
	EndGlobalSection
	GlobalSection(ProjectConfigurationPlatforms) = postSolution
		{096D258F-F0BA-48D3-9219-E12628825827}.Debug|Any CPU.ActiveCfg = Debug|Any CPU
		{096D258F-F0BA-48D3-9219-E12628825827}.Debug|Any CPU.Build.0 = Debug|Any CPU
		{096D258F-F0BA-48D3-9219-E12628825827}.Release|Any CPU.ActiveCfg = Release|Any CPU
		{096D258F-F0BA-48D3-9219-E12628825827}.Release|Any CPU.Build.0 = Release|Any CPU
	EndGlobalSection
	GlobalSection(SolutionProperties) = preSolution
		HideSolutionNode = FALSE
	EndGlobalSection
	GlobalSection(ExtensibilityGlobals) = postSolution
		SolutionGuid = {557D7A0F-C4AE-4AEE-9E9E-6265343C260E}
	EndGlobalSection
EndGlobal
