
Microsoft Visual Studio Solution File, Format Version 12.00
# Visual Studio Version 16
VisualStudioVersion = 16.0.30204.135
MinimumVisualStudioVersion = 10.0.40219.1
Project("{FAE04EC0-301F-11D3-BF4B-00C04F79EFBC}") = "Theory", "Theory.csproj", "{6137E3FA-A546-44A9-922C-3F0D70FB1EC5}"
EndProject
Global
	GlobalSection(SolutionConfigurationPlatforms) = preSolution
		Debug|Any CPU = Debug|Any CPU
		Release|Any CPU = Release|Any CPU
	EndGlobalSection
	GlobalSection(ProjectConfigurationPlatforms) = postSolution
		{6137E3FA-A546-44A9-922C-3F0D70FB1EC5}.Debug|Any CPU.ActiveCfg = Debug|Any CPU
		{6137E3FA-A546-44A9-922C-3F0D70FB1EC5}.Debug|Any CPU.Build.0 = Debug|Any CPU
		{6137E3FA-A546-44A9-922C-3F0D70FB1EC5}.Release|Any CPU.ActiveCfg = Release|Any CPU
		{6137E3FA-A546-44A9-922C-3F0D70FB1EC5}.Release|Any CPU.Build.0 = Release|Any CPU
	EndGlobalSection
	GlobalSection(SolutionProperties) = preSolution
		HideSolutionNode = FALSE
	EndGlobalSection
	GlobalSection(ExtensibilityGlobals) = postSolution
		SolutionGuid = {0EF84932-A625-4C30-A635-81B1910055BD}
	EndGlobalSection
EndGlobal
