
Microsoft Visual Studio Solution File, Format Version 12.00
# Visual Studio Version 16
VisualStudioVersion = 16.0.30204.135
MinimumVisualStudioVersion = 10.0.40219.1
Project("{FAE04EC0-301F-11D3-BF4B-00C04F79EFBC}") = "Question 4", "Question 4.csproj", "{4D06EB83-39AE-4D77-935F-170428666BC4}"
EndProject
Global
	GlobalSection(SolutionConfigurationPlatforms) = preSolution
		Debug|Any CPU = Debug|Any CPU
		Release|Any CPU = Release|Any CPU
	EndGlobalSection
	GlobalSection(ProjectConfigurationPlatforms) = postSolution
		{4D06EB83-39AE-4D77-935F-170428666BC4}.Debug|Any CPU.ActiveCfg = Debug|Any CPU
		{4D06EB83-39AE-4D77-935F-170428666BC4}.Debug|Any CPU.Build.0 = Debug|Any CPU
		{4D06EB83-39AE-4D77-935F-170428666BC4}.Release|Any CPU.ActiveCfg = Release|Any CPU
		{4D06EB83-39AE-4D77-935F-170428666BC4}.Release|Any CPU.Build.0 = Release|Any CPU
	EndGlobalSection
	GlobalSection(SolutionProperties) = preSolution
		HideSolutionNode = FALSE
	EndGlobalSection
	GlobalSection(ExtensibilityGlobals) = postSolution
		SolutionGuid = {0BBF8E87-79A1-41C6-BC72-0DA856023EFD}
	EndGlobalSection
EndGlobal
