
Microsoft Visual Studio Solution File, Format Version 12.00
# Visual Studio Version 16
VisualStudioVersion = 16.0.30011.22
MinimumVisualStudioVersion = 10.0.40219.1
Project("{FAE04EC0-301F-11D3-BF4B-00C04F79EFBC}") = "WindowsFormsApp1", "WindowsFormsApp1.csproj", "{79FB8200-3E0C-4100-B150-61E70A9B6C3E}"
EndProject
Global
	GlobalSection(SolutionConfigurationPlatforms) = preSolution
		Debug|Any CPU = Debug|Any CPU
		Release|Any CPU = Release|Any CPU
	EndGlobalSection
	GlobalSection(ProjectConfigurationPlatforms) = postSolution
		{79FB8200-3E0C-4100-B150-61E70A9B6C3E}.Debug|Any CPU.ActiveCfg = Debug|Any CPU
		{79FB8200-3E0C-4100-B150-61E70A9B6C3E}.Debug|Any CPU.Build.0 = Debug|Any CPU
		{79FB8200-3E0C-4100-B150-61E70A9B6C3E}.Release|Any CPU.ActiveCfg = Release|Any CPU
		{79FB8200-3E0C-4100-B150-61E70A9B6C3E}.Release|Any CPU.Build.0 = Release|Any CPU
	EndGlobalSection
	GlobalSection(SolutionProperties) = preSolution
		HideSolutionNode = FALSE
	EndGlobalSection
	GlobalSection(ExtensibilityGlobals) = postSolution
		SolutionGuid = {FFB1DE58-E217-4BA7-BA54-6388B51DE003}
	EndGlobalSection
EndGlobal
