
Microsoft Visual Studio Solution File, Format Version 12.00
# Visual Studio Version 16
VisualStudioVersion = 16.0.30204.135
MinimumVisualStudioVersion = 10.0.40219.1
Project("{FAE04EC0-301F-11D3-BF4B-00C04F79EFBC}") = "WindowsFormsApp1", "WindowsFormsApp1.csproj", "{B48FA1B3-E03C-44F6-B66C-A829E0290A09}"
EndProject
Global
	GlobalSection(SolutionConfigurationPlatforms) = preSolution
		Debug|Any CPU = Debug|Any CPU
		Release|Any CPU = Release|Any CPU
	EndGlobalSection
	GlobalSection(ProjectConfigurationPlatforms) = postSolution
		{B48FA1B3-E03C-44F6-B66C-A829E0290A09}.Debug|Any CPU.ActiveCfg = Debug|Any CPU
		{B48FA1B3-E03C-44F6-B66C-A829E0290A09}.Debug|Any CPU.Build.0 = Debug|Any CPU
		{B48FA1B3-E03C-44F6-B66C-A829E0290A09}.Release|Any CPU.ActiveCfg = Release|Any CPU
		{B48FA1B3-E03C-44F6-B66C-A829E0290A09}.Release|Any CPU.Build.0 = Release|Any CPU
	EndGlobalSection
	GlobalSection(SolutionProperties) = preSolution
		HideSolutionNode = FALSE
	EndGlobalSection
	GlobalSection(ExtensibilityGlobals) = postSolution
		SolutionGuid = {62A7489E-8B1D-4EAE-A8DD-0243DB05F744}
	EndGlobalSection
EndGlobal
